PODS:
  - SDWebImage (5.8.4):
    - SDWebImage/Core (= 5.8.4)
  - SDWebImage/Core (5.8.4)

DEPENDENCIES:
  - SDWebImage (~> 5.0)

SPEC REPOS:
  https://cdn.cocoapods.org/:
    - SDWebImage

SPEC CHECKSUMS:
  SDWebImage: cf6922231e95550934da2ada0f20f2becf2ceba9

PODFILE CHECKSUM: 96f670c53a5dad1394e837277498198c1f719b56

COCOAPODS: 1.8.4
